// !$*UTF8*$!
{
	archiveVersion = 1;
	classes = {
	};
	objectVersion = 56;
	objects = {

/* Begin PBXBuildFile section */
		B3CB9E8E2A4E303000DB0B41 /* NavigationStackDependencyInjectionDemoApp.swift in Sources */ = {isa = PBXBuildFile; fileRef = B3CB9E8D2A4E303000DB0B41 /* NavigationStackDependencyInjectionDemoApp.swift */; };
		B3CB9E902A4E303000DB0B41 /* ContentView.swift in Sources */ = {isa = PBXBuildFile; fileRef = B3CB9E8F2A4E303000DB0B41 /* ContentView.swift */; };
		B3CB9E922A4E303100DB0B41 /* Assets.xcassets in Resources */ = {isa = PBXBuildFile; fileRef = B3CB9E912A4E303100DB0B41 /* Assets.xcassets */; };
		B3CB9E952A4E303100DB0B41 /* Preview Assets.xcassets in Resources */ = {isa = PBXBuildFile; fileRef = B3CB9E942A4E303100DB0B41 /* Preview Assets.xcassets */; };
		B3CB9E9E2A4E307700DB0B41 /* HomeView.swift in Sources */ = {isa = PBXBuildFile; fileRef = B3CB9E9D2A4E307700DB0B41 /* HomeView.swift */; };
		B3CB9EA02A4E309C00DB0B41 /* RiverView.swift in Sources */ = {isa = PBXBuildFile; fileRef = B3CB9E9F2A4E309C00DB0B41 /* RiverView.swift */; };
		B3CB9EA52A4E30CB00DB0B41 /* FishingView.swift in Sources */ = {isa = PBXBuildFile; fileRef = B3CB9EA42A4E30CB00DB0B41 /* FishingView.swift */; };
		B3CB9EA82A4E315300DB0B41 /* BackpackRepository.swift in Sources */ = {isa = PBXBuildFile; fileRef = B3CB9EA72A4E315300DB0B41 /* BackpackRepository.swift */; };
		B3CB9EAB2A4E562100DB0B41 /* HomeUIComposer.swift in Sources */ = {isa = PBXBuildFile; fileRef = B3CB9EAA2A4E562100DB0B41 /* HomeUIComposer.swift */; };
		B3CB9EAE2A4E564700DB0B41 /* NavigationFlow.swift in Sources */ = {isa = PBXBuildFile; fileRef = B3CB9EAD2A4E564700DB0B41 /* NavigationFlow.swift */; };
		B3CB9EB02A4E56FE00DB0B41 /* BridgeView.swift in Sources */ = {isa = PBXBuildFile; fileRef = B3CB9EAF2A4E56FE00DB0B41 /* BridgeView.swift */; };
		B3CB9EB32A4E593100DB0B41 /* BigDealButtonStyle.swift in Sources */ = {isa = PBXBuildFile; fileRef = B3CB9EB22A4E593100DB0B41 /* BigDealButtonStyle.swift */; };
		B3CB9EB52A4F2E0300DB0B41 /* View+basicNavigationBar.swift in Sources */ = {isa = PBXBuildFile; fileRef = B3CB9EB42A4F2E0300DB0B41 /* View+basicNavigationBar.swift */; };
		B3CB9EB92A4F37AF00DB0B41 /* FishDetailView.swift in Sources */ = {isa = PBXBuildFile; fileRef = B3CB9EB82A4F37AF00DB0B41 /* FishDetailView.swift */; };
		B3CB9EBC2A4F383D00DB0B41 /* BackpackItemDetailView.swift in Sources */ = {isa = PBXBuildFile; fileRef = B3CB9EBB2A4F383D00DB0B41 /* BackpackItemDetailView.swift */; };
/* End PBXBuildFile section */

/* Begin PBXFileReference section */
		B3CB9E8A2A4E303000DB0B41 /* NavigationStackDependencyInjectionDemo.app */ = {isa = PBXFileReference; explicitFileType = wrapper.application; includeInIndex = 0; path = NavigationStackDependencyInjectionDemo.app; sourceTree = BUILT_PRODUCTS_DIR; };
		B3CB9E8D2A4E303000DB0B41 /* NavigationStackDependencyInjectionDemoApp.swift */ = {isa = PBXFileReference; lastKnownFileType = sourcecode.swift; path = NavigationStackDependencyInjectionDemoApp.swift; sourceTree = "<group>"; };
		B3CB9E8F2A4E303000DB0B41 /* ContentView.swift */ = {isa = PBXFileReference; lastKnownFileType = sourcecode.swift; path = ContentView.swift; sourceTree = "<group>"; };
		B3CB9E912A4E303100DB0B41 /* Assets.xcassets */ = {isa = PBXFileReference; lastKnownFileType = folder.assetcatalog; path = Assets.xcassets; sourceTree = "<group>"; };
		B3CB9E942A4E303100DB0B41 /* Preview Assets.xcassets */ = {isa = PBXFileReference; lastKnownFileType = folder.assetcatalog; path = "Preview Assets.xcassets"; sourceTree = "<group>"; };
		B3CB9E9D2A4E307700DB0B41 /* HomeView.swift */ = {isa = PBXFileReference; lastKnownFileType = sourcecode.swift; path = HomeView.swift; sourceTree = "<group>"; };
		B3CB9E9F2A4E309C00DB0B41 /* RiverView.swift */ = {isa = PBXFileReference; lastKnownFileType = sourcecode.swift; path = RiverView.swift; sourceTree = "<group>"; };
		B3CB9EA42A4E30CB00DB0B41 /* FishingView.swift */ = {isa = PBXFileReference; lastKnownFileType = sourcecode.swift; path = FishingView.swift; sourceTree = "<group>"; };
		B3CB9EA72A4E315300DB0B41 /* BackpackRepository.swift */ = {isa = PBXFileReference; lastKnownFileType = sourcecode.swift; path = BackpackRepository.swift; sourceTree = "<group>"; };
		B3CB9EAA2A4E562100DB0B41 /* HomeUIComposer.swift */ = {isa = PBXFileReference; lastKnownFileType = sourcecode.swift; path = HomeUIComposer.swift; sourceTree = "<group>"; };
		B3CB9EAD2A4E564700DB0B41 /* NavigationFlow.swift */ = {isa = PBXFileReference; lastKnownFileType = sourcecode.swift; path = NavigationFlow.swift; sourceTree = "<group>"; };
		B3CB9EAF2A4E56FE00DB0B41 /* BridgeView.swift */ = {isa = PBXFileReference; lastKnownFileType = sourcecode.swift; path = BridgeView.swift; sourceTree = "<group>"; };
		B3CB9EB22A4E593100DB0B41 /* BigDealButtonStyle.swift */ = {isa = PBXFileReference; lastKnownFileType = sourcecode.swift; path = BigDealButtonStyle.swift; sourceTree = "<group>"; };
		B3CB9EB42A4F2E0300DB0B41 /* View+basicNavigationBar.swift */ = {isa = PBXFileReference; lastKnownFileType = sourcecode.swift; path = "View+basicNavigationBar.swift"; sourceTree = "<group>"; };
		B3CB9EB82A4F37AF00DB0B41 /* FishDetailView.swift */ = {isa = PBXFileReference; lastKnownFileType = sourcecode.swift; path = FishDetailView.swift; sourceTree = "<group>"; };
		B3CB9EBB2A4F383D00DB0B41 /* BackpackItemDetailView.swift */ = {isa = PBXFileReference; lastKnownFileType = sourcecode.swift; path = BackpackItemDetailView.swift; sourceTree = "<group>"; };
/* End PBXFileReference section */

/* Begin PBXFrameworksBuildPhase section */
		B3CB9E872A4E303000DB0B41 /* Frameworks */ = {
			isa = PBXFrameworksBuildPhase;
			buildActionMask = 2147483647;
			files = (
			);
			runOnlyForDeploymentPostprocessing = 0;
		};
/* End PBXFrameworksBuildPhase section */

/* Begin PBXGroup section */
		B3CB9E812A4E303000DB0B41 = {
			isa = PBXGroup;
			children = (
				B3CB9E8C2A4E303000DB0B41 /* NavigationStackDependencyInjectionDemo */,
				B3CB9E8B2A4E303000DB0B41 /* Products */,
			);
			sourceTree = "<group>";
		};
		B3CB9E8B2A4E303000DB0B41 /* Products */ = {
			isa = PBXGroup;
			children = (
				B3CB9E8A2A4E303000DB0B41 /* NavigationStackDependencyInjectionDemo.app */,
			);
			name = Products;
			sourceTree = "<group>";
		};
		B3CB9E8C2A4E303000DB0B41 /* NavigationStackDependencyInjectionDemo */ = {
			isa = PBXGroup;
			children = (
				B3CB9EA62A4E313C00DB0B41 /* Repository */,
				B3CB9EA32A4E30B600DB0B41 /* Supporting Files */,
				B3CB9EA22A4E30AE00DB0B41 /* Composition */,
				B3CB9EA12A4E30A600DB0B41 /* Views */,
			);
			path = NavigationStackDependencyInjectionDemo;
			sourceTree = "<group>";
		};
		B3CB9E932A4E303100DB0B41 /* Preview Content */ = {
			isa = PBXGroup;
			children = (
				B3CB9E942A4E303100DB0B41 /* Preview Assets.xcassets */,
			);
			path = "Preview Content";
			sourceTree = "<group>";
		};
		B3CB9EA12A4E30A600DB0B41 /* Views */ = {
			isa = PBXGroup;
			children = (
				B3CB9EB12A4E590300DB0B41 /* Style */,
				B3CB9E9D2A4E307700DB0B41 /* HomeView.swift */,
				B3CB9E9F2A4E309C00DB0B41 /* RiverView.swift */,
				B3CB9EA42A4E30CB00DB0B41 /* FishingView.swift */,
				B3CB9EAF2A4E56FE00DB0B41 /* BridgeView.swift */,
				B3CB9EB82A4F37AF00DB0B41 /* FishDetailView.swift */,
				B3CB9EBB2A4F383D00DB0B41 /* BackpackItemDetailView.swift */,
			);
			path = Views;
			sourceTree = "<group>";
		};
		B3CB9EA22A4E30AE00DB0B41 /* Composition */ = {
			isa = PBXGroup;
			children = (
				B3CB9EAC2A4E563D00DB0B41 /* NavigationFlow */,
				B3CB9EA92A4E561700DB0B41 /* Composers */,
				B3CB9E8D2A4E303000DB0B41 /* NavigationStackDependencyInjectionDemoApp.swift */,
				B3CB9E8F2A4E303000DB0B41 /* ContentView.swift */,
			);
			path = Composition;
			sourceTree = "<group>";
		};
		B3CB9EA32A4E30B600DB0B41 /* Supporting Files */ = {
			isa = PBXGroup;
			children = (
				B3CB9E912A4E303100DB0B41 /* Assets.xcassets */,
				B3CB9E932A4E303100DB0B41 /* Preview Content */,
			);
			name = "Supporting Files";
			sourceTree = "<group>";
		};
		B3CB9EA62A4E313C00DB0B41 /* Repository */ = {
			isa = PBXGroup;
			children = (
				B3CB9EA72A4E315300DB0B41 /* BackpackRepository.swift */,
			);
			path = Repository;
			sourceTree = "<group>";
		};
		B3CB9EA92A4E561700DB0B41 /* Composers */ = {
			isa = PBXGroup;
			children = (
				B3CB9EAA2A4E562100DB0B41 /* HomeUIComposer.swift */,
			);
			path = Composers;
			sourceTree = "<group>";
		};
		B3CB9EAC2A4E563D00DB0B41 /* NavigationFlow */ = {
			isa = PBXGroup;
			children = (
				B3CB9EAD2A4E564700DB0B41 /* NavigationFlow.swift */,
			);
			path = NavigationFlow;
			sourceTree = "<group>";
		};
		B3CB9EB12A4E590300DB0B41 /* Style */ = {
			isa = PBXGroup;
			children = (
				B3CB9EB22A4E593100DB0B41 /* BigDealButtonStyle.swift */,
				B3CB9EB42A4F2E0300DB0B41 /* View+basicNavigationBar.swift */,
			);
			path = Style;
			sourceTree = "<group>";
		};
/* End PBXGroup section */

/* Begin PBXNativeTarget section */
		B3CB9E892A4E303000DB0B41 /* NavigationStackDependencyInjectionDemo */ = {
			isa = PBXNativeTarget;
			buildConfigurationList = B3CB9E982A4E303100DB0B41 /* Build configuration list for PBXNativeTarget "NavigationStackDependencyInjectionDemo" */;
			buildPhases = (
				B3CB9E862A4E303000DB0B41 /* Sources */,
				B3CB9E872A4E303000DB0B41 /* Frameworks */,
				B3CB9E882A4E303000DB0B41 /* Resources */,
			);
			buildRules = (
			);
			dependencies = (
			);
			name = NavigationStackDependencyInjectionDemo;
			productName = NavigationStackDependencyInjectionDemo;
			productReference = B3CB9E8A2A4E303000DB0B41 /* NavigationStackDependencyInjectionDemo.app */;
			productType = "com.apple.product-type.application";
		};
/* End PBXNativeTarget section */

/* Begin PBXProject section */
		B3CB9E822A4E303000DB0B41 /* Project object */ = {
			isa = PBXProject;
			attributes = {
				BuildIndependentTargetsInParallel = 1;
				LastSwiftUpdateCheck = 1410;
				LastUpgradeCheck = 1410;
				TargetAttributes = {
					B3CB9E892A4E303000DB0B41 = {
						CreatedOnToolsVersion = 14.1;
					};
				};
			};
			buildConfigurationList = B3CB9E852A4E303000DB0B41 /* Build configuration list for PBXProject "NavigationStackDependencyInjectionDemo" */;
			compatibilityVersion = "Xcode 14.0";
			developmentRegion = en;
			hasScannedForEncodings = 0;
			knownRegions = (
				en,
				Base,
			);
			mainGroup = B3CB9E812A4E303000DB0B41;
			productRefGroup = B3CB9E8B2A4E303000DB0B41 /* Products */;
			projectDirPath = "";
			projectRoot = "";
			targets = (
				B3CB9E892A4E303000DB0B41 /* NavigationStackDependencyInjectionDemo */,
			);
		};
/* End PBXProject section */

/* Begin PBXResourcesBuildPhase section */
		B3CB9E882A4E303000DB0B41 /* Resources */ = {
			isa = PBXResourcesBuildPhase;
			buildActionMask = 2147483647;
			files = (
				B3CB9E952A4E303100DB0B41 /* Preview Assets.xcassets in Resources */,
				B3CB9E922A4E303100DB0B41 /* Assets.xcassets in Resources */,
			);
			runOnlyForDeploymentPostprocessing = 0;
		};
/* End PBXResourcesBuildPhase section */

/* Begin PBXSourcesBuildPhase section */
		B3CB9E862A4E303000DB0B41 /* Sources */ = {
			isa = PBXSourcesBuildPhase;
			buildActionMask = 2147483647;
			files = (
				B3CB9EB02A4E56FE00DB0B41 /* BridgeView.swift in Sources */,
				B3CB9E9E2A4E307700DB0B41 /* HomeView.swift in Sources */,
				B3CB9EA02A4E309C00DB0B41 /* RiverView.swift in Sources */,
				B3CB9E902A4E303000DB0B41 /* ContentView.swift in Sources */,
				B3CB9EB32A4E593100DB0B41 /* BigDealButtonStyle.swift in Sources */,
				B3CB9EA82A4E315300DB0B41 /* BackpackRepository.swift in Sources */,
				B3CB9EA52A4E30CB00DB0B41 /* FishingView.swift in Sources */,
				B3CB9EB92A4F37AF00DB0B41 /* FishDetailView.swift in Sources */,
				B3CB9E8E2A4E303000DB0B41 /* NavigationStackDependencyInjectionDemoApp.swift in Sources */,
				B3CB9EB52A4F2E0300DB0B41 /* View+basicNavigationBar.swift in Sources */,
				B3CB9EBC2A4F383D00DB0B41 /* BackpackItemDetailView.swift in Sources */,
				B3CB9EAB2A4E562100DB0B41 /* HomeUIComposer.swift in Sources */,
				B3CB9EAE2A4E564700DB0B41 /* NavigationFlow.swift in Sources */,
			);
			runOnlyForDeploymentPostprocessing = 0;
		};
/* End PBXSourcesBuildPhase section */

/* Begin XCBuildConfiguration section */
		B3CB9E962A4E303100DB0B41 /* Debug */ = {
			isa = XCBuildConfiguration;
			buildSettings = {
				ALWAYS_SEARCH_USER_PATHS = NO;
				CLANG_ANALYZER_NONNULL = YES;
				CLANG_ANALYZER_NUMBER_OBJECT_CONVERSION = YES_AGGRESSIVE;
				CLANG_CXX_LANGUAGE_STANDARD = "gnu++20";
				CLANG_ENABLE_MODULES = YES;
				CLANG_ENABLE_OBJC_ARC = YES;
				CLANG_ENABLE_OBJC_WEAK = YES;
				CLANG_WARN_BLOCK_CAPTURE_AUTORELEASING = YES;
				CLANG_WARN_BOOL_CONVERSION = YES;
				CLANG_WARN_COMMA = YES;
				CLANG_WARN_CONSTANT_CONVERSION = YES;
				CLANG_WARN_DEPRECATED_OBJC_IMPLEMENTATIONS = YES;
				CLANG_WARN_DIRECT_OBJC_ISA_USAGE = YES_ERROR;
				CLANG_WARN_DOCUMENTATION_COMMENTS = YES;
				CLANG_WARN_EMPTY_BODY = YES;
				CLANG_WARN_ENUM_CONVERSION = YES;
				CLANG_WARN_INFINITE_RECURSION = YES;
				CLANG_WARN_INT_CONVERSION = YES;
				CLANG_WARN_NON_LITERAL_NULL_CONVERSION = YES;
				CLANG_WARN_OBJC_IMPLICIT_RETAIN_SELF = YES;
				CLANG_WARN_OBJC_LITERAL_CONVERSION = YES;
				CLANG_WARN_OBJC_ROOT_CLASS = YES_ERROR;
				CLANG_WARN_QUOTED_INCLUDE_IN_FRAMEWORK_HEADER = YES;
				CLANG_WARN_RANGE_LOOP_ANALYSIS = YES;
				CLANG_WARN_STRICT_PROTOTYPES = YES;
				CLANG_WARN_SUSPICIOUS_MOVE = YES;
				CLANG_WARN_UNGUARDED_AVAILABILITY = YES_AGGRESSIVE;
				CLANG_WARN_UNREACHABLE_CODE = YES;
				CLANG_WARN__DUPLICATE_METHOD_MATCH = YES;
				COPY_PHASE_STRIP = NO;
				DEBUG_INFORMATION_FORMAT = dwarf;
				ENABLE_STRICT_OBJC_MSGSEND = YES;
				ENABLE_TESTABILITY = YES;
				GCC_C_LANGUAGE_STANDARD = gnu11;
				GCC_DYNAMIC_NO_PIC = NO;
				GCC_NO_COMMON_BLOCKS = YES;
				GCC_OPTIMIZATION_LEVEL = 0;
				GCC_PREPROCESSOR_DEFINITIONS = (
					"DEBUG=1",
					"$(inherited)",
				);
				GCC_WARN_64_TO_32_BIT_CONVERSION = YES;
				GCC_WARN_ABOUT_RETURN_TYPE = YES_ERROR;
				GCC_WARN_UNDECLARED_SELECTOR = YES;
				GCC_WARN_UNINITIALIZED_AUTOS = YES_AGGRESSIVE;
				GCC_WARN_UNUSED_FUNCTION = YES;
				GCC_WARN_UNUSED_VARIABLE = YES;
				IPHONEOS_DEPLOYMENT_TARGET = 16.1;
				MTL_ENABLE_DEBUG_INFO = INCLUDE_SOURCE;
				MTL_FAST_MATH = YES;
				ONLY_ACTIVE_ARCH = YES;
				SDKROOT = iphoneos;
				SWIFT_ACTIVE_COMPILATION_CONDITIONS = DEBUG;
				SWIFT_OPTIMIZATION_LEVEL = "-Onone";
			};
			name = Debug;
		};
		B3CB9E972A4E303100DB0B41 /* Release */ = {
			isa = XCBuildConfiguration;
			buildSettings = {
				ALWAYS_SEARCH_USER_PATHS = NO;
				CLANG_ANALYZER_NONNULL = YES;
				CLANG_ANALYZER_NUMBER_OBJECT_CONVERSION = YES_AGGRESSIVE;
				CLANG_CXX_LANGUAGE_STANDARD = "gnu++20";
				CLANG_ENABLE_MODULES = YES;
				CLANG_ENABLE_OBJC_ARC = YES;
				CLANG_ENABLE_OBJC_WEAK = YES;
				CLANG_WARN_BLOCK_CAPTURE_AUTORELEASING = YES;
				CLANG_WARN_BOOL_CONVERSION = YES;
				CLANG_WARN_COMMA = YES;
				CLANG_WARN_CONSTANT_CONVERSION = YES;
				CLANG_WARN_DEPRECATED_OBJC_IMPLEMENTATIONS = YES;
				CLANG_WARN_DIRECT_OBJC_ISA_USAGE = YES_ERROR;
				CLANG_WARN_DOCUMENTATION_COMMENTS = YES;
				CLANG_WARN_EMPTY_BODY = YES;
				CLANG_WARN_ENUM_CONVERSION = YES;
				CLANG_WARN_INFINITE_RECURSION = YES;
				CLANG_WARN_INT_CONVERSION = YES;
				CLANG_WARN_NON_LITERAL_NULL_CONVERSION = YES;
				CLANG_WARN_OBJC_IMPLICIT_RETAIN_SELF = YES;
				CLANG_WARN_OBJC_LITERAL_CONVERSION = YES;
				CLANG_WARN_OBJC_ROOT_CLASS = YES_ERROR;
				CLANG_WARN_QUOTED_INCLUDE_IN_FRAMEWORK_HEADER = YES;
				CLANG_WARN_RANGE_LOOP_ANALYSIS = YES;
				CLANG_WARN_STRICT_PROTOTYPES = YES;
				CLANG_WARN_SUSPICIOUS_MOVE = YES;
				CLANG_WARN_UNGUARDED_AVAILABILITY = YES_AGGRESSIVE;
				CLANG_WARN_UNREACHABLE_CODE = YES;
				CLANG_WARN__DUPLICATE_METHOD_MATCH = YES;
				COPY_PHASE_STRIP = NO;
				DEBUG_INFORMATION_FORMAT = "dwarf-with-dsym";
				ENABLE_NS_ASSERTIONS = NO;
				ENABLE_STRICT_OBJC_MSGSEND = YES;
				GCC_C_LANGUAGE_STANDARD = gnu11;
				GCC_NO_COMMON_BLOCKS = YES;
				GCC_WARN_64_TO_32_BIT_CONVERSION = YES;
				GCC_WARN_ABOUT_RETURN_TYPE = YES_ERROR;
				GCC_WARN_UNDECLARED_SELECTOR = YES;
				GCC_WARN_UNINITIALIZED_AUTOS = YES_AGGRESSIVE;
				GCC_WARN_UNUSED_FUNCTION = YES;
				GCC_WARN_UNUSED_VARIABLE = YES;
				IPHONEOS_DEPLOYMENT_TARGET = 16.1;
				MTL_ENABLE_DEBUG_INFO = NO;
				MTL_FAST_MATH = YES;
				SDKROOT = iphoneos;
				SWIFT_COMPILATION_MODE = wholemodule;
				SWIFT_OPTIMIZATION_LEVEL = "-O";
				VALIDATE_PRODUCT = YES;
			};
			name = Release;
		};
		B3CB9E992A4E303100DB0B41 /* Debug */ = {
			isa = XCBuildConfiguration;
			buildSettings = {
				ASSETCATALOG_COMPILER_APPICON_NAME = AppIcon;
				ASSETCATALOG_COMPILER_GLOBAL_ACCENT_COLOR_NAME = AccentColor;
				CODE_SIGN_STYLE = Automatic;
				CURRENT_PROJECT_VERSION = 1;
				DEVELOPMENT_ASSET_PATHS = "\"NavigationStackDependencyInjectionDemo/Preview Content\"";
				DEVELOPMENT_TEAM = RXL7292WR8;
				ENABLE_PREVIEWS = YES;
				GENERATE_INFOPLIST_FILE = YES;
				INFOPLIST_KEY_UIApplicationSceneManifest_Generation = YES;
				INFOPLIST_KEY_UIApplicationSupportsIndirectInputEvents = YES;
				INFOPLIST_KEY_UILaunchScreen_Generation = YES;
				INFOPLIST_KEY_UISupportedInterfaceOrientations_iPad = "UIInterfaceOrientationPortrait UIInterfaceOrientationPortraitUpsideDown UIInterfaceOrientationLandscapeLeft UIInterfaceOrientationLandscapeRight";
				INFOPLIST_KEY_UISupportedInterfaceOrientations_iPhone = "UIInterfaceOrientationPortrait UIInterfaceOrientationLandscapeLeft UIInterfaceOrientationLandscapeRight";
				LD_RUNPATH_SEARCH_PATHS = (
					"$(inherited)",
					"@executable_path/Frameworks",
				);
				MARKETING_VERSION = 1.0;
				PRODUCT_BUNDLE_IDENTIFIER = com.boycees.NavigationStackDependencyInjectionDemo;
				PRODUCT_NAME = "$(TARGET_NAME)";
				SWIFT_EMIT_LOC_STRINGS = YES;
				SWIFT_VERSION = 5.0;
				TARGETED_DEVICE_FAMILY = "1,2";
			};
			name = Debug;
		};
		B3CB9E9A2A4E303100DB0B41 /* Release */ = {
			isa = XCBuildConfiguration;
			buildSettings = {
				ASSETCATALOG_COMPILER_APPICON_NAME = AppIcon;
				ASSETCATALOG_COMPILER_GLOBAL_ACCENT_COLOR_NAME = AccentColor;
				CODE_SIGN_STYLE = Automatic;
				CURRENT_PROJECT_VERSION = 1;
				DEVELOPMENT_ASSET_PATHS = "\"NavigationStackDependencyInjectionDemo/Preview Content\"";
				DEVELOPMENT_TEAM = RXL7292WR8;
				ENABLE_PREVIEWS = YES;
				GENERATE_INFOPLIST_FILE = YES;
				INFOPLIST_KEY_UIApplicationSceneManifest_Generation = YES;
				INFOPLIST_KEY_UIApplicationSupportsIndirectInputEvents = YES;
				INFOPLIST_KEY_UILaunchScreen_Generation = YES;
				INFOPLIST_KEY_UISupportedInterfaceOrientations_iPad = "UIInterfaceOrientationPortrait UIInterfaceOrientationPortraitUpsideDown UIInterfaceOrientationLandscapeLeft UIInterfaceOrientationLandscapeRight";
				INFOPLIST_KEY_UISupportedInterfaceOrientations_iPhone = "UIInterfaceOrientationPortrait UIInterfaceOrientationLandscapeLeft UIInterfaceOrientationLandscapeRight";
				LD_RUNPATH_SEARCH_PATHS = (
					"$(inherited)",
					"@executable_path/Frameworks",
				);
				MARKETING_VERSION = 1.0;
				PRODUCT_BUNDLE_IDENTIFIER = com.boycees.NavigationStackDependencyInjectionDemo;
				PRODUCT_NAME = "$(TARGET_NAME)";
				SWIFT_EMIT_LOC_STRINGS = YES;
				SWIFT_VERSION = 5.0;
				TARGETED_DEVICE_FAMILY = "1,2";
			};
			name = Release;
		};
/* End XCBuildConfiguration section */

/* Begin XCConfigurationList section */
		B3CB9E852A4E303000DB0B41 /* Build configuration list for PBXProject "NavigationStackDependencyInjectionDemo" */ = {
			isa = XCConfigurationList;
			buildConfigurations = (
				B3CB9E962A4E303100DB0B41 /* Debug */,
				B3CB9E972A4E303100DB0B41 /* Release */,
			);
			defaultConfigurationIsVisible = 0;
			defaultConfigurationName = Release;
		};
		B3CB9E982A4E303100DB0B41 /* Build configuration list for PBXNativeTarget "NavigationStackDependencyInjectionDemo" */ = {
			isa = XCConfigurationList;
			buildConfigurations = (
				B3CB9E992A4E303100DB0B41 /* Debug */,
				B3CB9E9A2A4E303100DB0B41 /* Release */,
			);
			defaultConfigurationIsVisible = 0;
			defaultConfigurationName = Release;
		};
/* End XCConfigurationList section */
	};
	rootObject = B3CB9E822A4E303000DB0B41 /* Project object */;
}
